
Microsoft Visual Studio Solution File, Format Version 12.00
# Visual Studio Version 17
VisualStudioVersion = 17.10.35004.147
MinimumVisualStudioVersion = 10.0.40219.1
Project("{FAE04EC0-301F-11D3-BF4B-00C04F79EFBC}") = "C#-ParentForms", "C#-ParentForms.csproj", "{CF89C852-DD64-49C5-BE79-4DCB233982B0}"
EndProject
Global
	GlobalSection(SolutionConfigurationPlatforms) = preSolution
		Debug|Any CPU = Debug|Any CPU
		Release|Any CPU = Release|Any CPU
	EndGlobalSection
	GlobalSection(ProjectConfigurationPlatforms) = postSolution
		{CF89C852-DD64-49C5-BE79-4DCB233982B0}.Debug|Any CPU.ActiveCfg = Debug|Any CPU
		{CF89C852-DD64-49C5-BE79-4DCB233982B0}.Debug|Any CPU.Build.0 = Debug|Any CPU
		{CF89C852-DD64-49C5-BE79-4DCB233982B0}.Release|Any CPU.ActiveCfg = Release|Any CPU
		{CF89C852-DD64-49C5-BE79-4DCB233982B0}.Release|Any CPU.Build.0 = Release|Any CPU
	EndGlobalSection
	GlobalSection(SolutionProperties) = preSolution
		HideSolutionNode = FALSE
	EndGlobalSection
	GlobalSection(ExtensibilityGlobals) = postSolution
		SolutionGuid = {9B168916-DAC6-477C-BAEC-8E4589F2D057}
	EndGlobalSection
EndGlobal
